{
  "nodes": {
    "bats-assert": {
      "flake": false,
      "locked": {
        "lastModified": 1692829535,
        "narHash": "sha256-oDqhUQ6Xg7a3xx537SWLGRzqP3oKKeyY4UYGCdz9z/Y=",
        "owner": "bats-core",
        "repo": "bats-assert",
        "rev": "e2d855bc78619ee15b0c702b5c30fb074101159f",
        "type": "github"
      },
      "original": {
        "owner": "bats-core",
        "repo": "bats-assert",
        "type": "github"
      }
    },
    "bats-support": {
      "flake": false,
      "locked": {
        "lastModified": 1693050811,
        "narHash": "sha256-PxJaH16+QrsfZqtkWVt5K6TwJB5gjIXnbGo+MB84WIU=",
        "owner": "bats-core",
        "repo": "bats-support",
        "rev": "9bf10e876dd6b624fe44423f0b35e064225f7556",
        "type": "github"
      },
      "original": {
        "owner": "bats-core",
        "repo": "bats-support",
        "type": "github"
      }
    },
    "flake-parts": {
      "inputs": {
        "nixpkgs-lib": "nixpkgs-lib"
      },
      "locked": {
        "lastModified": 1727826117,
        "narHash": "sha256-K5ZLCyfO/Zj9mPFldf3iwS6oZStJcU4tSpiXTMYaaL0=",
        "owner": "hercules-ci",
        "repo": "flake-parts",
        "rev": "3d04084d54bedc3d6b8b736c70ef449225c361b1",
        "type": "github"
      },
      "original": {
        "id": "flake-parts",
        "type": "indirect"
      }
    },
    "flake-utils": {
      "inputs": {
        "systems": "systems"
      },
      "locked": {
        "lastModified": 1731533236,
        "narHash": "sha256-l0KFg5HjrsfsO/JpG+r7fRrqm12kzFHyUHqHCVpMMbI=",
        "owner": "numtide",
        "repo": "flake-utils",
        "rev": "11707dc2f618dd54ca8739b309ec4fc024de578b",
        "type": "github"
      },
      "original": {
        "owner": "numtide",
        "repo": "flake-utils",
        "type": "github"
      }
    },
    "gomod2nix": {
      "inputs": {
        "flake-utils": [
          "flake-utils"
        ],
        "nixpkgs": [
          "nixpkgs"
        ]
      },
      "locked": {
        "lastModified": 1732540042,
        "narHash": "sha256-i3FpT1w4x1hNZSKj20Rt2qHQvp1xp3Dz9rCPeSIQp0s=",
        "owner": "tweag",
        "repo": "gomod2nix",
        "rev": "f11423d1a082d83710275913f05b2a0b606f5aed",
        "type": "github"
      },
      "original": {
        "owner": "tweag",
        "repo": "gomod2nix",
        "type": "github"
      }
    },
    "home-manager": {
      "inputs": {
        "nixpkgs": [
          "nixpkgs"
        ]
      },
      "locked": {
        "lastModified": 1733050161,
        "narHash": "sha256-lYnT+EYE47f5yY3KS/Kd4pJ6CO9fhCqumkYYkQ3TK20=",
        "owner": "nix-community",
        "repo": "home-manager",
        "rev": "62d536255879be574ebfe9b87c4ac194febf47c5",
        "type": "github"
      },
      "original": {
        "owner": "nix-community",
        "ref": "release-24.11",
        "repo": "home-manager",
        "type": "github"
      }
    },
    "idiotbox": {
      "inputs": {
        "nixpkgs": [
          "nixpkgs"
        ]
      },
      "locked": {
        "lastModified": 1729598831,
        "narHash": "sha256-oWDfjwZyqhAsedssT5AUY5IGatxharbyp6coDp2pLfU=",
        "ref": "refs/heads/main",
        "rev": "a46288181014239a2a056f92e003e2d0ca026a4a",
        "revCount": 20,
        "type": "git",
        "url": "ssh://git@github.com/lucasbergman/idiotbox.git"
      },
      "original": {
        "type": "git",
        "url": "ssh://git@github.com/lucasbergman/idiotbox.git"
      }
    },
    "nixpkgs": {
      "locked": {
        "lastModified": 1734323986,
        "narHash": "sha256-m/lh6hYMIWDYHCAsn81CDAiXoT3gmxXI9J987W5tZrE=",
        "owner": "nixos",
        "repo": "nixpkgs",
        "rev": "394571358ce82dff7411395829aa6a3aad45b907",
        "type": "github"
      },
      "original": {
        "owner": "nixos",
        "ref": "nixos-24.11",
        "repo": "nixpkgs",
        "type": "github"
      }
    },
    "nixpkgs-lib": {
      "locked": {
        "lastModified": 1727825735,
        "narHash": "sha256-0xHYkMkeLVQAMa7gvkddbPqpxph+hDzdu1XdGPJR+Os=",
        "type": "tarball",
        "url": "https://github.com/NixOS/nixpkgs/archive/fb192fec7cc7a4c26d51779e9bab07ce6fa5597a.tar.gz"
      },
      "original": {
        "type": "tarball",
        "url": "https://github.com/NixOS/nixpkgs/archive/fb192fec7cc7a4c26d51779e9bab07ce6fa5597a.tar.gz"
      }
    },
    "nixpkgs-unstable": {
      "locked": {
        "lastModified": 1733212471,
        "narHash": "sha256-M1+uCoV5igihRfcUKrr1riygbe73/dzNnzPsmaLCmpo=",
        "owner": "nixos",
        "repo": "nixpkgs",
        "rev": "55d15ad12a74eb7d4646254e13638ad0c4128776",
        "type": "github"
      },
      "original": {
        "owner": "nixos",
        "ref": "nixos-unstable",
        "repo": "nixpkgs",
        "type": "github"
      }
    },
    "root": {
      "inputs": {
        "flake-utils": "flake-utils",
        "gomod2nix": "gomod2nix",
        "home-manager": "home-manager",
        "idiotbox": "idiotbox",
        "nixpkgs": "nixpkgs",
        "nixpkgs-unstable": "nixpkgs-unstable",
        "terranix": "terranix",
        "vscode-server": "vscode-server"
      }
    },
    "systems": {
      "locked": {
        "lastModified": 1681028828,
        "narHash": "sha256-Vy1rq5AaRuLzOxct8nz4T6wlgyUR7zLU309k9mBC768=",
        "owner": "nix-systems",
        "repo": "default",
        "rev": "da67096a3b9bf56a91d16901293e51ba5b49a27e",
        "type": "github"
      },
      "original": {
        "owner": "nix-systems",
        "repo": "default",
        "type": "github"
      }
    },
    "systems_2": {
      "locked": {
        "lastModified": 1681028828,
        "narHash": "sha256-Vy1rq5AaRuLzOxct8nz4T6wlgyUR7zLU309k9mBC768=",
        "owner": "nix-systems",
        "repo": "default",
        "rev": "da67096a3b9bf56a91d16901293e51ba5b49a27e",
        "type": "github"
      },
      "original": {
        "owner": "nix-systems",
        "repo": "default",
        "type": "github"
      }
    },
    "terranix": {
      "inputs": {
        "bats-assert": "bats-assert",
        "bats-support": "bats-support",
        "flake-parts": "flake-parts",
        "nixpkgs": [
          "nixpkgs"
        ],
        "systems": "systems_2",
        "terranix-examples": "terranix-examples"
      },
      "locked": {
        "lastModified": 1728959489,
        "narHash": "sha256-1Pu2j5xsBTuoyga08ZVf+rKp3FOMmJh/0fXen/idOrA=",
        "owner": "terranix",
        "repo": "terranix",
        "rev": "7734e2ee6a1472807a33ce1e7da794bed2aaf91c",
        "type": "github"
      },
      "original": {
        "owner": "terranix",
        "repo": "terranix",
        "type": "github"
      }
    },
    "terranix-examples": {
      "locked": {
        "lastModified": 1637156952,
        "narHash": "sha256-KqvXIe1yiKOEP9BRYqNQN+LOWPCsWojh0WjEgv5jfEI=",
        "owner": "terranix",
        "repo": "terranix-examples",
        "rev": "921680efb8af0f332d8ad73718d53907f9483e24",
        "type": "github"
      },
      "original": {
        "owner": "terranix",
        "repo": "terranix-examples",
        "type": "github"
      }
    },
    "vscode-server": {
      "inputs": {
        "flake-utils": [
          "flake-utils"
        ],
        "nixpkgs": [
          "nixpkgs"
        ]
      },
      "locked": {
        "lastModified": 1729422940,
        "narHash": "sha256-DlvJv33ml5UTKgu4b0HauOfFIoDx6QXtbqUF3vWeRCY=",
        "owner": "nix-community",
        "repo": "nixos-vscode-server",
        "rev": "8b6db451de46ecf9b4ab3d01ef76e59957ff549f",
        "type": "github"
      },
      "original": {
        "owner": "nix-community",
        "repo": "nixos-vscode-server",
        "type": "github"
      }
    }
  },
  "root": "root",
  "version": 7
}
